
Microsoft Visual Studio Solution File, Format Version 12.00
# Visual Studio Version 17
VisualStudioVersion = 17.11.35219.272
MinimumVisualStudioVersion = 10.0.40219.1
Project("{9A19103F-16F7-4668-BE54-9A1E7A4F7556}") = "consola", "consola\consola.csproj", "{36B26FEE-63C2-44E4-BA08-306126B57BF4}"
EndProject
Project("{FAE04EC0-301F-11D3-BF4B-00C04F79EFBC}") = "Dominio", "Dominio\Dominio.csproj", "{2D5139CA-33AA-4767-8ABA-31A85896A183}"
EndProject
Global
	GlobalSection(SolutionConfigurationPlatforms) = preSolution
		Debug|Any CPU = Debug|Any CPU
		Release|Any CPU = Release|Any CPU
	EndGlobalSection
	GlobalSection(ProjectConfigurationPlatforms) = postSolution
		{36B26FEE-63C2-44E4-BA08-306126B57BF4}.Debug|Any CPU.ActiveCfg = Debug|Any CPU
		{36B26FEE-63C2-44E4-BA08-306126B57BF4}.Debug|Any CPU.Build.0 = Debug|Any CPU
		{36B26FEE-63C2-44E4-BA08-306126B57BF4}.Release|Any CPU.ActiveCfg = Release|Any CPU
		{36B26FEE-63C2-44E4-BA08-306126B57BF4}.Release|Any CPU.Build.0 = Release|Any CPU
		{2D5139CA-33AA-4767-8ABA-31A85896A183}.Debug|Any CPU.ActiveCfg = Debug|Any CPU
		{2D5139CA-33AA-4767-8ABA-31A85896A183}.Debug|Any CPU.Build.0 = Debug|Any CPU
		{2D5139CA-33AA-4767-8ABA-31A85896A183}.Release|Any CPU.ActiveCfg = Release|Any CPU
		{2D5139CA-33AA-4767-8ABA-31A85896A183}.Release|Any CPU.Build.0 = Release|Any CPU
	EndGlobalSection
	GlobalSection(SolutionProperties) = preSolution
		HideSolutionNode = FALSE
	EndGlobalSection
	GlobalSection(ExtensibilityGlobals) = postSolution
		SolutionGuid = {7BCE020E-51E6-46C6-BF7B-09BCC0FF59CF}
	EndGlobalSection
EndGlobal
